
Microsoft Visual Studio Solution File, Format Version 12.00
# Visual Studio Version 16
VisualStudioVersion = 16.0.31911.196
MinimumVisualStudioVersion = 10.0.40219.1
Project("{9A19103F-16F7-4668-BE54-9A1E7A4F7556}") = "CursoMVC", "CursoMVC\CursoMVC.csproj", "{E0FEAAA1-F0C3-4E52-950B-86CCBF692F9D}"
EndProject
Project("{9A19103F-16F7-4668-BE54-9A1E7A4F7556}") = "CursoAPI-.NET", "CursoAPI-.NET\CursoAPI-.NET.csproj", "{93F596F4-FBF6-4F36-9D45-D8F5BD82AE63}"
EndProject
Project("{FAE04EC0-301F-11D3-BF4B-00C04F79EFBC}") = "CursoTest", "CursoTest\CursoTest.csproj", "{DB1BA699-269D-4173-AF04-B144EB97DE41}"
EndProject
Global
	GlobalSection(SolutionConfigurationPlatforms) = preSolution
		Debug|Any CPU = Debug|Any CPU
		Release|Any CPU = Release|Any CPU
	EndGlobalSection
	GlobalSection(ProjectConfigurationPlatforms) = postSolution
		{E0FEAAA1-F0C3-4E52-950B-86CCBF692F9D}.Debug|Any CPU.ActiveCfg = Debug|Any CPU
		{E0FEAAA1-F0C3-4E52-950B-86CCBF692F9D}.Debug|Any CPU.Build.0 = Debug|Any CPU
		{E0FEAAA1-F0C3-4E52-950B-86CCBF692F9D}.Release|Any CPU.ActiveCfg = Release|Any CPU
		{E0FEAAA1-F0C3-4E52-950B-86CCBF692F9D}.Release|Any CPU.Build.0 = Release|Any CPU
		{93F596F4-FBF6-4F36-9D45-D8F5BD82AE63}.Debug|Any CPU.ActiveCfg = Debug|Any CPU
		{93F596F4-FBF6-4F36-9D45-D8F5BD82AE63}.Debug|Any CPU.Build.0 = Debug|Any CPU
		{93F596F4-FBF6-4F36-9D45-D8F5BD82AE63}.Release|Any CPU.ActiveCfg = Release|Any CPU
		{93F596F4-FBF6-4F36-9D45-D8F5BD82AE63}.Release|Any CPU.Build.0 = Release|Any CPU
		{DB1BA699-269D-4173-AF04-B144EB97DE41}.Debug|Any CPU.ActiveCfg = Debug|Any CPU
		{DB1BA699-269D-4173-AF04-B144EB97DE41}.Debug|Any CPU.Build.0 = Debug|Any CPU
		{DB1BA699-269D-4173-AF04-B144EB97DE41}.Release|Any CPU.ActiveCfg = Release|Any CPU
		{DB1BA699-269D-4173-AF04-B144EB97DE41}.Release|Any CPU.Build.0 = Release|Any CPU
	EndGlobalSection
	GlobalSection(SolutionProperties) = preSolution
		HideSolutionNode = FALSE
	EndGlobalSection
	GlobalSection(ExtensibilityGlobals) = postSolution
		SolutionGuid = {2D0C0E77-CAA8-475C-9580-0E82DC18FC75}
	EndGlobalSection
EndGlobal
