
Microsoft Visual Studio Solution File, Format Version 12.00
# Visual Studio Version 16
VisualStudioVersion = 16.0.32510.428
MinimumVisualStudioVersion = 10.0.40219.1
Project("{9A19103F-16F7-4668-BE54-9A1E7A4F7556}") = "StringReader", "StringReader.csproj", "{DCD59BEE-E40E-4646-95DA-C83D4E1F4C47}"
EndProject
Global
	GlobalSection(SolutionConfigurationPlatforms) = preSolution
		Debug|Any CPU = Debug|Any CPU
		Release|Any CPU = Release|Any CPU
	EndGlobalSection
	GlobalSection(ProjectConfigurationPlatforms) = postSolution
		{DCD59BEE-E40E-4646-95DA-C83D4E1F4C47}.Debug|Any CPU.ActiveCfg = Debug|Any CPU
		{DCD59BEE-E40E-4646-95DA-C83D4E1F4C47}.Debug|Any CPU.Build.0 = Debug|Any CPU
		{DCD59BEE-E40E-4646-95DA-C83D4E1F4C47}.Release|Any CPU.ActiveCfg = Release|Any CPU
		{DCD59BEE-E40E-4646-95DA-C83D4E1F4C47}.Release|Any CPU.Build.0 = Release|Any CPU
	EndGlobalSection
	GlobalSection(SolutionProperties) = preSolution
		HideSolutionNode = FALSE
	EndGlobalSection
	GlobalSection(ExtensibilityGlobals) = postSolution
		SolutionGuid = {07976FBF-8181-4A61-9CA8-00C7294CF534}
	EndGlobalSection
EndGlobal
